lockfileVersion: '9.0'

settings:
  autoInstallPeers: true
  excludeLinksFromLockfile: false

importers:

  .:
    dependencies:
      '@arkade-os/sdk':
        specifier: 0.4.10
        version: 0.4.10
      '@scure/base':
        specifier: ^2.0.0
        version: 2.2.0
      '@scure/btc-signer':
        specifier: ^2.0.1
        version: 2.0.1
    devDependencies:
      '@types/node':
        specifier: ^25.5.2
        version: 25.6.0

packages:

  '@arkade-os/sdk@0.4.10':
    resolution: {integrity: sha512-7Ga7ywIDGiSfeLGyrvnJAPicOg7srcaYEdwlQOeDIWM+cmzDwKThj2KTJ2ZL50YAksoFMradAPAD+UAJs/Dwag==}
    engines: {node: '>=22.12.0 <23', pnpm: '>=10.25.0 <11'}
    peerDependencies:
      '@react-native-async-storage/async-storage': '>=1.0.0'
      expo: '>=54.0.0'
      expo-background-task: ~1.0.10
      expo-sqlite: ~16.0.10
      expo-task-manager: ~14.0.9
    peerDependenciesMeta:
      '@react-native-async-storage/async-storage':
        optional: true
      expo:
        optional: true
      expo-background-task:
        optional: true
      expo-sqlite:
        optional: true
      expo-task-manager:
        optional: true

  '@bitcoinerlab/miniscript@1.4.3':
    resolution: {integrity: sha512-gf7WK4dKJJJl+IgLGmkTOxXQLiCje9c9y4wTLC+cyt0tBDTiSXgsG0X8FFaXf4d+34b8B5p/EJGvRd7mEYB6mQ==}

  '@kukks/bitcoin-descriptors@3.1.0':
    resolution: {integrity: sha512-7HOCZjufw3DIIDebx7/ZOeol6khkWoccM6vzee6t5bXOJoj/6ISdssEDhjxDgy88in/I39pKz+kzFukxK5eqVw==}

  '@marcbachmann/cel-js@7.3.1':
    resolution: {integrity: sha512-P6o26TvjStT8V8+8EF+yq9Pp7ZFV00bpiUMbssr76XbIZGxaB+NNWeBp6WNxOrR9gp0JPzvJueCKHpOs5LE9PQ==}
    engines: {node: '>=20.19.0'}
    hasBin: true

  '@noble/curves@2.0.0':
    resolution: {integrity: sha512-RiwZZeJnsTnhT+/gg2KvITJZhK5oagQrpZo+yQyd3mv3D5NAG2qEeEHpw7IkXRlpkoD45wl2o4ydHAvY9wyEfw==}
    engines: {node: '>= 20.19.0'}

  '@noble/curves@2.0.1':
    resolution: {integrity: sha512-vs1Az2OOTBiP4q0pwjW5aF0xp9n4MxVrmkFBxc6EKZc6ddYx5gaZiAsZoq0uRRXWbi3AT/sBqn05eRPtn1JCPw==}
    engines: {node: '>= 20.19.0'}

  '@noble/curves@2.2.0':
    resolution: {integrity: sha512-T/BoHgFXirb0ENSPBquzX0rcjXeM6Lo892a2jlYJkqk83LqZx0l1Of7DzlKJ6jkpvMrkHSnAcgb5JegL8SeIkQ==}
    engines: {node: '>= 20.19.0'}

  '@noble/hashes@2.0.0':
    resolution: {integrity: sha512-h8VUBlE8R42+XIDO229cgisD287im3kdY6nbNZJFjc6ZvKIXPYXe6Vc/t+kyjFdMFyt5JpapzTsEg8n63w5/lw==}
    engines: {node: '>= 20.19.0'}

  '@noble/hashes@2.0.1':
    resolution: {integrity: sha512-XlOlEbQcE9fmuXxrVTXCTlG2nlRXa9Rj3rr5Ue/+tX+nmkgbX720YHh0VR3hBF9xDvwnb8D2shVGOwNx+ulArw==}
    engines: {node: '>= 20.19.0'}

  '@noble/hashes@2.2.0':
    resolution: {integrity: sha512-IYqDGiTXab6FniAgnSdZwgWbomxpy9FtYvLKs7wCUs2a8RkITG+DFGO1DM9cr+E3/RgADRpFjrKVaJ1z6sjtEg==}
    engines: {node: '>= 20.19.0'}

  '@noble/secp256k1@3.0.0':
    resolution: {integrity: sha512-NJBaR352KyIvj3t6sgT/+7xrNyF9Xk9QlLSIqUGVUYlsnDTAUqY8LOmwpcgEx4AMJXRITQ5XEVHD+mMaPfr3mg==}

  '@scure/base@2.0.0':
    resolution: {integrity: sha512-3E1kpuZginKkek01ovG8krQ0Z44E3DHPjc5S2rjJw9lZn3KSQOs8S7wqikF/AH7iRanHypj85uGyxk0XAyC37w==}

  '@scure/base@2.2.0':
    resolution: {integrity: sha512-b8XEupJibegiXV+tDUseI8oLQc8ei3d/4Jkb2RpbHh3MfE054ov3uIz2dhFkB3FI8iwYkEh0gGCApkrYggkPNg==}

  '@scure/bip32@2.0.0':
    resolution: {integrity: sha512-V24pyBWzKQqhB0CrV3Xz7JZr/cC2Nhp9LuIr9gOHkAKxSGwYqTIs8u0AkZgKA7HFqRiyoNg/PymiXOExm+3KlQ==}

  '@scure/bip32@2.2.0':
    resolution: {integrity: sha512-zFr7t2F+a9+5tB7QbarF2HQNYrgjCNaoLAupZdKkrFMYMozJf5zqH2WJCQibMzm1qQ0QogrxVGO3qXfQDYMaQg==}

  '@scure/bip39@2.0.1':
    resolution: {integrity: sha512-PsxdFj/d2AcJcZDX1FXN3dDgitDDTmwf78rKZq1a6c1P1Nan1X/Sxc7667zU3U+AN60g7SxxP0YCVw2H/hBycg==}

  '@scure/btc-signer@2.0.1':
    resolution: {integrity: sha512-vk5a/16BbSFZkhh1JIJ0+4H9nceZVo5WzKvJGGWiPp3sQOExeW+L53z3dI6u0adTPoE8ZbL+XEb6hEGzVZSvvQ==}

  '@types/node@25.6.0':
    resolution: {integrity: sha512-+qIYRKdNYJwY3vRCZMdJbPLJAtGjQBudzZzdzwQYkEPQd+PJGixUL5QfvCLDaULoLv+RhT3LDkwEfKaAkgSmNQ==}

  bip68@1.0.4:
    resolution: {integrity: sha512-O1htyufFTYy3EO0JkHg2CLykdXEtV2ssqw47Gq9A0WByp662xpJnMEB9m43LZjsSDjIAOozWRExlFQk2hlV1XQ==}
    engines: {node: '>=4.5.0'}

  micro-packed@0.8.0:
    resolution: {integrity: sha512-AKb8znIvg9sooythbXzyFeChEY0SkW0C6iXECpy/ls0e5BtwXO45J9wD9SLzBztnS4XmF/5kwZknsq+jyynd/A==}
    engines: {node: '>= 20.19.0'}

  undici-types@7.19.2:
    resolution: {integrity: sha512-qYVnV5OEm2AW8cJMCpdV20CDyaN3g0AjDlOGf1OW4iaDEx8MwdtChUp4zu4H0VP3nDRF/8RKWH+IPp9uW0YGZg==}

snapshots:

  '@arkade-os/sdk@0.4.10':
    dependencies:
      '@kukks/bitcoin-descriptors': 3.1.0
      '@marcbachmann/cel-js': 7.3.1
      '@noble/curves': 2.0.0
      '@noble/secp256k1': 3.0.0
      '@scure/base': 2.0.0
      '@scure/bip32': 2.0.0
      '@scure/bip39': 2.0.1
      '@scure/btc-signer': 2.0.1
      bip68: 1.0.4

  '@bitcoinerlab/miniscript@1.4.3':
    dependencies:
      bip68: 1.0.4

  '@kukks/bitcoin-descriptors@3.1.0':
    dependencies:
      '@bitcoinerlab/miniscript': 1.4.3
      '@noble/curves': 2.2.0
      '@noble/hashes': 2.2.0
      '@scure/base': 2.2.0
      '@scure/bip32': 2.2.0
      '@scure/btc-signer': 2.0.1

  '@marcbachmann/cel-js@7.3.1': {}

  '@noble/curves@2.0.0':
    dependencies:
      '@noble/hashes': 2.0.0

  '@noble/curves@2.0.1':
    dependencies:
      '@noble/hashes': 2.0.1

  '@noble/curves@2.2.0':
    dependencies:
      '@noble/hashes': 2.2.0

  '@noble/hashes@2.0.0': {}

  '@noble/hashes@2.0.1': {}

  '@noble/hashes@2.2.0': {}

  '@noble/secp256k1@3.0.0': {}

  '@scure/base@2.0.0': {}

  '@scure/base@2.2.0': {}

  '@scure/bip32@2.0.0':
    dependencies:
      '@noble/curves': 2.0.0
      '@noble/hashes': 2.0.0
      '@scure/base': 2.0.0

  '@scure/bip32@2.2.0':
    dependencies:
      '@noble/curves': 2.2.0
      '@noble/hashes': 2.2.0
      '@scure/base': 2.2.0

  '@scure/bip39@2.0.1':
    dependencies:
      '@noble/hashes': 2.0.1
      '@scure/base': 2.0.0

  '@scure/btc-signer@2.0.1':
    dependencies:
      '@noble/curves': 2.0.1
      '@noble/hashes': 2.0.1
      '@scure/base': 2.0.0
      micro-packed: 0.8.0

  '@types/node@25.6.0':
    dependencies:
      undici-types: 7.19.2

  bip68@1.0.4: {}

  micro-packed@0.8.0:
    dependencies:
      '@scure/base': 2.0.0

  undici-types@7.19.2: {}
