lockfileVersion: '9.0'

settings:
  autoInstallPeers: true
  excludeLinksFromLockfile: false

importers:

  .:
    dependencies:
      '@noble/curves':
        specifier: ^2.2.0
        version: 2.2.0
      '@noble/hashes':
        specifier: ^2.2.0
        version: 2.2.0
      '@scure/base':
        specifier: ^2.2.0
        version: 2.2.0
      '@scure/btc-signer':
        specifier: ^2.2.0
        version: 2.2.0
      boltz-core:
        specifier: ^5.0.0
        version: 5.0.0

packages:

  '@noble/curves@2.2.0':
    resolution: {integrity: sha512-T/BoHgFXirb0ENSPBquzX0rcjXeM6Lo892a2jlYJkqk83LqZx0l1Of7DzlKJ6jkpvMrkHSnAcgb5JegL8SeIkQ==}
    engines: {node: '>= 20.19.0'}

  '@noble/hashes@2.2.0':
    resolution: {integrity: sha512-IYqDGiTXab6FniAgnSdZwgWbomxpy9FtYvLKs7wCUs2a8RkITG+DFGO1DM9cr+E3/RgADRpFjrKVaJ1z6sjtEg==}
    engines: {node: '>= 20.19.0'}

  '@scure/base@2.2.0':
    resolution: {integrity: sha512-b8XEupJibegiXV+tDUseI8oLQc8ei3d/4Jkb2RpbHh3MfE054ov3uIz2dhFkB3FI8iwYkEh0gGCApkrYggkPNg==}

  '@scure/btc-signer@2.2.0':
    resolution: {integrity: sha512-ZXZ08sZqSZKEcOuEQnxTF66ouHtl6+UA6U/QfQM06K9WiOlEkXF4LviZCaSgkdiFh9cyMt9+xdup7JtEv3p0fw==}

  boltz-core@5.0.0:
    resolution: {integrity: sha512-2MF7ykOhpDAWm0OnONkgjy6BYjKQ6hGO7PNMpDgtjfSari1ajPYrYZugxajCkEQYrhaga+FpY9VSarHTpiAO6w==}
    engines: {node: '>=20.10'}
    peerDependencies:
      '@vulpemventures/secp256k1-zkp': ^3.2.1
      liquidjs-lib: ^6.0.2-liquid.37
    peerDependenciesMeta:
      '@vulpemventures/secp256k1-zkp':
        optional: true
      liquidjs-lib:
        optional: true

  micro-packed@0.9.0:
    resolution: {integrity: sha512-gFdaWTxEXOwtSOcpxulO4AuXVtp3HWIRmB8eq8+3m1Zku0ubgva0UGpi03YhcvsTJasHngG9gTIUK5kHNKdesg==}
    engines: {node: '>= 20.19.0'}

snapshots:

  '@noble/curves@2.2.0':
    dependencies:
      '@noble/hashes': 2.2.0

  '@noble/hashes@2.2.0': {}

  '@scure/base@2.2.0': {}

  '@scure/btc-signer@2.2.0':
    dependencies:
      '@noble/curves': 2.2.0
      '@noble/hashes': 2.2.0
      '@scure/base': 2.2.0
      micro-packed: 0.9.0

  boltz-core@5.0.0:
    dependencies:
      '@noble/curves': 2.2.0
      '@noble/hashes': 2.2.0
      '@scure/base': 2.2.0
      '@scure/btc-signer': 2.2.0

  micro-packed@0.9.0:
    dependencies:
      '@scure/base': 2.2.0
